
Microsoft Visual Studio Solution File, Format Version 12.00
# Visual Studio Version 17
VisualStudioVersion = 17.8.34511.84
MinimumVisualStudioVersion = 10.0.40219.1
Project("{FAE04EC0-301F-11D3-BF4B-00C04F79EFBC}") = "InventiSys", "InventiSys\InventiSys.csproj", "{025966B0-3B53-4170-924C-B0CA5156C944}"
EndProject
Project("{FAE04EC0-301F-11D3-BF4B-00C04F79EFBC}") = "DataLayer", "DataLayer\DataLayer.csproj", "{2F449979-E42C-4953-8456-47C882A1C917}"
EndProject
Project("{FAE04EC0-301F-11D3-BF4B-00C04F79EFBC}") = "Accesos", "Accesos\Accesos.csproj", "{0189C6B7-8403-4F02-8AF4-F885CB68820F}"
EndProject
Project("{FAE04EC0-301F-11D3-BF4B-00C04F79EFBC}") = "SesionManager", "SesionManager\SesionManager.csproj", "{893E49FC-77E8-4B91-9C56-46DAE416C745}"
EndProject
Project("{FAE04EC0-301F-11D3-BF4B-00C04F79EFBC}") = "Modelos", "Modelos\Modelos.csproj", "{EA0B5421-5F8B-4052-BF55-FA9EA63692E6}"
EndProject
Global
	GlobalSection(SolutionConfigurationPlatforms) = preSolution
		Debug|Any CPU = Debug|Any CPU
		Release|Any CPU = Release|Any CPU
	EndGlobalSection
	GlobalSection(ProjectConfigurationPlatforms) = postSolution
		{025966B0-3B53-4170-924C-B0CA5156C944}.Debug|Any CPU.ActiveCfg = Debug|Any CPU
		{025966B0-3B53-4170-924C-B0CA5156C944}.Debug|Any CPU.Build.0 = Debug|Any CPU
		{025966B0-3B53-4170-924C-B0CA5156C944}.Release|Any CPU.ActiveCfg = Release|Any CPU
		{025966B0-3B53-4170-924C-B0CA5156C944}.Release|Any CPU.Build.0 = Release|Any CPU
		{2F449979-E42C-4953-8456-47C882A1C917}.Debug|Any CPU.ActiveCfg = Debug|Any CPU
		{2F449979-E42C-4953-8456-47C882A1C917}.Debug|Any CPU.Build.0 = Debug|Any CPU
		{2F449979-E42C-4953-8456-47C882A1C917}.Release|Any CPU.ActiveCfg = Release|Any CPU
		{2F449979-E42C-4953-8456-47C882A1C917}.Release|Any CPU.Build.0 = Release|Any CPU
		{0189C6B7-8403-4F02-8AF4-F885CB68820F}.Debug|Any CPU.ActiveCfg = Debug|Any CPU
		{0189C6B7-8403-4F02-8AF4-F885CB68820F}.Debug|Any CPU.Build.0 = Debug|Any CPU
		{0189C6B7-8403-4F02-8AF4-F885CB68820F}.Release|Any CPU.ActiveCfg = Release|Any CPU
		{0189C6B7-8403-4F02-8AF4-F885CB68820F}.Release|Any CPU.Build.0 = Release|Any CPU
		{893E49FC-77E8-4B91-9C56-46DAE416C745}.Debug|Any CPU.ActiveCfg = Debug|Any CPU
		{893E49FC-77E8-4B91-9C56-46DAE416C745}.Debug|Any CPU.Build.0 = Debug|Any CPU
		{893E49FC-77E8-4B91-9C56-46DAE416C745}.Release|Any CPU.ActiveCfg = Release|Any CPU
		{893E49FC-77E8-4B91-9C56-46DAE416C745}.Release|Any CPU.Build.0 = Release|Any CPU
		{EA0B5421-5F8B-4052-BF55-FA9EA63692E6}.Debug|Any CPU.ActiveCfg = Debug|Any CPU
		{EA0B5421-5F8B-4052-BF55-FA9EA63692E6}.Debug|Any CPU.Build.0 = Debug|Any CPU
		{EA0B5421-5F8B-4052-BF55-FA9EA63692E6}.Release|Any CPU.ActiveCfg = Release|Any CPU
		{EA0B5421-5F8B-4052-BF55-FA9EA63692E6}.Release|Any CPU.Build.0 = Release|Any CPU
	EndGlobalSection
	GlobalSection(SolutionProperties) = preSolution
		HideSolutionNode = FALSE
	EndGlobalSection
	GlobalSection(ExtensibilityGlobals) = postSolution
		SolutionGuid = {ADB6A6E4-895C-4003-BBE6-8890CDA36247}
	EndGlobalSection
EndGlobal
